
Microsoft Visual Studio Solution File, Format Version 12.00
# Visual Studio Version 17
VisualStudioVersion = 17.1.32319.34
MinimumVisualStudioVersion = 10.0.40219.1
Project("{FAE04EC0-301F-11D3-BF4B-00C04F79EFBC}") = "StateMachine", "StateMachine\StateMachine.csproj", "{FC9B872D-A92F-4ACA-B9C8-D00B6F251A45}"
EndProject
Project("{FAE04EC0-301F-11D3-BF4B-00C04F79EFBC}") = "SimpleDI", "SimpleDI\SimpleDI.csproj", "{C098BD85-0D72-4325-8F60-E9C203092F30}"
EndProject
Global
	GlobalSection(SolutionConfigurationPlatforms) = preSolution
		Debug|Any CPU = Debug|Any CPU
		Release|Any CPU = Release|Any CPU
	EndGlobalSection
	GlobalSection(ProjectConfigurationPlatforms) = postSolution
		{FC9B872D-A92F-4ACA-B9C8-D00B6F251A45}.Debug|Any CPU.ActiveCfg = Debug|Any CPU
		{FC9B872D-A92F-4ACA-B9C8-D00B6F251A45}.Debug|Any CPU.Build.0 = Debug|Any CPU
		{FC9B872D-A92F-4ACA-B9C8-D00B6F251A45}.Release|Any CPU.ActiveCfg = Release|Any CPU
		{FC9B872D-A92F-4ACA-B9C8-D00B6F251A45}.Release|Any CPU.Build.0 = Release|Any CPU
		{C098BD85-0D72-4325-8F60-E9C203092F30}.Debug|Any CPU.ActiveCfg = Debug|Any CPU
		{C098BD85-0D72-4325-8F60-E9C203092F30}.Debug|Any CPU.Build.0 = Debug|Any CPU
		{C098BD85-0D72-4325-8F60-E9C203092F30}.Release|Any CPU.ActiveCfg = Release|Any CPU
		{C098BD85-0D72-4325-8F60-E9C203092F30}.Release|Any CPU.Build.0 = Release|Any CPU
	EndGlobalSection
	GlobalSection(SolutionProperties) = preSolution
		HideSolutionNode = FALSE
	EndGlobalSection
	GlobalSection(ExtensibilityGlobals) = postSolution
		SolutionGuid = {C81133FA-56EC-45D0-A79F-4BD4F149CEC3}
	EndGlobalSection
EndGlobal
